// !$*UTF8*$!
{
	archiveVersion = 1;
	classes = {
	};
	objectVersion = 56;
	objects = {

/* Begin PBXBuildFile section */
		CC6B145A2A8E755F00FCDFC1 /* SpeciesApp.swift in Sources */ = {isa = PBXBuildFile; fileRef = CC6B14592A8E755F00FCDFC1 /* SpeciesApp.swift */; };
		CC6B145C2A8E755F00FCDFC1 /* SpeciesListView.swift in Sources */ = {isa = PBXBuildFile; fileRef = CC6B145B2A8E755F00FCDFC1 /* SpeciesListView.swift */; };
		CC6B145E2A8E756100FCDFC1 /* Assets.xcassets in Resources */ = {isa = PBXBuildFile; fileRef = CC6B145D2A8E756100FCDFC1 /* Assets.xcassets */; };
		CC6B14612A8E756100FCDFC1 /* Preview Assets.xcassets in Resources */ = {isa = PBXBuildFile; fileRef = CC6B14602A8E756100FCDFC1 /* Preview Assets.xcassets */; };
		CC6B14692A8FF00900FCDFC1 /* Species.swift in Sources */ = {isa = PBXBuildFile; fileRef = CC6B14682A8FF00900FCDFC1 /* Species.swift */; };
		CCFFA2D02A8FF71E00FBC98F /* SpeciesViewModel.swift in Sources */ = {isa = PBXBuildFile; fileRef = CCFFA2CF2A8FF71E00FBC98F /* SpeciesViewModel.swift */; };
		CCFFA2D22A91525D00FBC98F /* DetailView.swift in Sources */ = {isa = PBXBuildFile; fileRef = CCFFA2D12A91525D00FBC98F /* DetailView.swift */; };
/* End PBXBuildFile section */

/* Begin PBXFileReference section */
		CC6B14562A8E755F00FCDFC1 /* Species.app */ = {isa = PBXFileReference; explicitFileType = wrapper.application; includeInIndex = 0; path = Species.app; sourceTree = BUILT_PRODUCTS_DIR; };
		CC6B14592A8E755F00FCDFC1 /* SpeciesApp.swift */ = {isa = PBXFileReference; lastKnownFileType = sourcecode.swift; path = SpeciesApp.swift; sourceTree = "<group>"; };
		CC6B145B2A8E755F00FCDFC1 /* SpeciesListView.swift */ = {isa = PBXFileReference; lastKnownFileType = sourcecode.swift; path = SpeciesListView.swift; sourceTree = "<group>"; };
		CC6B145D2A8E756100FCDFC1 /* Assets.xcassets */ = {isa = PBXFileReference; lastKnownFileType = folder.assetcatalog; path = Assets.xcassets; sourceTree = "<group>"; };
		CC6B14602A8E756100FCDFC1 /* Preview Assets.xcassets */ = {isa = PBXFileReference; lastKnownFileType = folder.assetcatalog; path = "Preview Assets.xcassets"; sourceTree = "<group>"; };
		CC6B14672A8E766500FCDFC1 /* Info.plist */ = {isa = PBXFileReference; lastKnownFileType = text.plist; path = Info.plist; sourceTree = "<group>"; };
		CC6B14682A8FF00900FCDFC1 /* Species.swift */ = {isa = PBXFileReference; lastKnownFileType = sourcecode.swift; path = Species.swift; sourceTree = "<group>"; };
		CCFFA2CF2A8FF71E00FBC98F /* SpeciesViewModel.swift */ = {isa = PBXFileReference; lastKnownFileType = sourcecode.swift; path = SpeciesViewModel.swift; sourceTree = "<group>"; };
		CCFFA2D12A91525D00FBC98F /* DetailView.swift */ = {isa = PBXFileReference; lastKnownFileType = sourcecode.swift; path = DetailView.swift; sourceTree = "<group>"; };
/* End PBXFileReference section */

/* Begin PBXFrameworksBuildPhase section */
		CC6B14532A8E755F00FCDFC1 /* Frameworks */ = {
			isa = PBXFrameworksBuildPhase;
			buildActionMask = 2147483647;
			files = (
			);
			runOnlyForDeploymentPostprocessing = 0;
		};
/* End PBXFrameworksBuildPhase section */

/* Begin PBXGroup section */
		CC6B144D2A8E755F00FCDFC1 = {
			isa = PBXGroup;
			children = (
				CC6B14582A8E755F00FCDFC1 /* Species */,
				CC6B14572A8E755F00FCDFC1 /* Products */,
			);
			sourceTree = "<group>";
		};
		CC6B14572A8E755F00FCDFC1 /* Products */ = {
			isa = PBXGroup;
			children = (
				CC6B14562A8E755F00FCDFC1 /* Species.app */,
			);
			name = Products;
			sourceTree = "<group>";
		};
		CC6B14582A8E755F00FCDFC1 /* Species */ = {
			isa = PBXGroup;
			children = (
				CC6B14672A8E766500FCDFC1 /* Info.plist */,
				CC6B14592A8E755F00FCDFC1 /* SpeciesApp.swift */,
				CC6B14682A8FF00900FCDFC1 /* Species.swift */,
				CCFFA2CF2A8FF71E00FBC98F /* SpeciesViewModel.swift */,
				CC6B145B2A8E755F00FCDFC1 /* SpeciesListView.swift */,
				CCFFA2D12A91525D00FBC98F /* DetailView.swift */,
				CC6B145D2A8E756100FCDFC1 /* Assets.xcassets */,
				CC6B145F2A8E756100FCDFC1 /* Preview Content */,
			);
			path = Species;
			sourceTree = "<group>";
		};
		CC6B145F2A8E756100FCDFC1 /* Preview Content */ = {
			isa = PBXGroup;
			children = (
				CC6B14602A8E756100FCDFC1 /* Preview Assets.xcassets */,
			);
			path = "Preview Content";
			sourceTree = "<group>";
		};
/* End PBXGroup section */

/* Begin PBXNativeTarget section */
		CC6B14552A8E755F00FCDFC1 /* Species */ = {
			isa = PBXNativeTarget;
			buildConfigurationList = CC6B14642A8E756100FCDFC1 /* Build configuration list for PBXNativeTarget "Species" */;
			buildPhases = (
				CC6B14522A8E755F00FCDFC1 /* Sources */,
				CC6B14532A8E755F00FCDFC1 /* Frameworks */,
				CC6B14542A8E755F00FCDFC1 /* Resources */,
			);
			buildRules = (
			);
			dependencies = (
			);
			name = Species;
			productName = Species;
			productReference = CC6B14562A8E755F00FCDFC1 /* Species.app */;
			productType = "com.apple.product-type.application";
		};
/* End PBXNativeTarget section */

/* Begin PBXProject section */
		CC6B144E2A8E755F00FCDFC1 /* Project object */ = {
			isa = PBXProject;
			attributes = {
				BuildIndependentTargetsInParallel = 1;
				LastSwiftUpdateCheck = 1430;
				LastUpgradeCheck = 1430;
				TargetAttributes = {
					CC6B14552A8E755F00FCDFC1 = {
						CreatedOnToolsVersion = 14.3.1;
					};
				};
			};
			buildConfigurationList = CC6B14512A8E755F00FCDFC1 /* Build configuration list for PBXProject "Species" */;
			compatibilityVersion = "Xcode 14.0";
			developmentRegion = en;
			hasScannedForEncodings = 0;
			knownRegions = (
				en,
				Base,
			);
			mainGroup = CC6B144D2A8E755F00FCDFC1;
			productRefGroup = CC6B14572A8E755F00FCDFC1 /* Products */;
			projectDirPath = "";
			projectRoot = "";
			targets = (
				CC6B14552A8E755F00FCDFC1 /* Species */,
			);
		};
/* End PBXProject section */

/* Begin PBXResourcesBuildPhase section */
		CC6B14542A8E755F00FCDFC1 /* Resources */ = {
			isa = PBXResourcesBuildPhase;
			buildActionMask = 2147483647;
			files = (
				CC6B14612A8E756100FCDFC1 /* Preview Assets.xcassets in Resources */,
				CC6B145E2A8E756100FCDFC1 /* Assets.xcassets in Resources */,
			);
			runOnlyForDeploymentPostprocessing = 0;
		};
/* End PBXResourcesBuildPhase section */

/* Begin PBXSourcesBuildPhase section */
		CC6B14522A8E755F00FCDFC1 /* Sources */ = {
			isa = PBXSourcesBuildPhase;
			buildActionMask = 2147483647;
			files = (
				CC6B145C2A8E755F00FCDFC1 /* SpeciesListView.swift in Sources */,
				CCFFA2D02A8FF71E00FBC98F /* SpeciesViewModel.swift in Sources */,
				CC6B14692A8FF00900FCDFC1 /* Species.swift in Sources */,
				CCFFA2D22A91525D00FBC98F /* DetailView.swift in Sources */,
				CC6B145A2A8E755F00FCDFC1 /* SpeciesApp.swift in Sources */,
			);
			runOnlyForDeploymentPostprocessing = 0;
		};
/* End PBXSourcesBuildPhase section */

/* Begin XCBuildConfiguration section */
		CC6B14622A8E756100FCDFC1 /* Debug */ = {
			isa = XCBuildConfiguration;
			buildSettings = {
				ALWAYS_SEARCH_USER_PATHS = NO;
				CLANG_ANALYZER_NONNULL = YES;
				CLANG_ANALYZER_NUMBER_OBJECT_CONVERSION = YES_AGGRESSIVE;
				CLANG_CXX_LANGUAGE_STANDARD = "gnu++20";
				CLANG_ENABLE_MODULES = YES;
				CLANG_ENABLE_OBJC_ARC = YES;
				CLANG_ENABLE_OBJC_WEAK = YES;
				CLANG_WARN_BLOCK_CAPTURE_AUTORELEASING = YES;
				CLANG_WARN_BOOL_CONVERSION = YES;
				CLANG_WARN_COMMA = YES;
				CLANG_WARN_CONSTANT_CONVERSION = YES;
				CLANG_WARN_DEPRECATED_OBJC_IMPLEMENTATIONS = YES;
				CLANG_WARN_DIRECT_OBJC_ISA_USAGE = YES_ERROR;
				CLANG_WARN_DOCUMENTATION_COMMENTS = YES;
				CLANG_WARN_EMPTY_BODY = YES;
				CLANG_WARN_ENUM_CONVERSION = YES;
				CLANG_WARN_INFINITE_RECURSION = YES;
				CLANG_WARN_INT_CONVERSION = YES;
				CLANG_WARN_NON_LITERAL_NULL_CONVERSION = YES;
				CLANG_WARN_OBJC_IMPLICIT_RETAIN_SELF = YES;
				CLANG_WARN_OBJC_LITERAL_CONVERSION = YES;
				CLANG_WARN_OBJC_ROOT_CLASS = YES_ERROR;
				CLANG_WARN_QUOTED_INCLUDE_IN_FRAMEWORK_HEADER = YES;
				CLANG_WARN_RANGE_LOOP_ANALYSIS = YES;
				CLANG_WARN_STRICT_PROTOTYPES = YES;
				CLANG_WARN_SUSPICIOUS_MOVE = YES;
				CLANG_WARN_UNGUARDED_AVAILABILITY = YES_AGGRESSIVE;
				CLANG_WARN_UNREACHABLE_CODE = YES;
				CLANG_WARN__DUPLICATE_METHOD_MATCH = YES;
				COPY_PHASE_STRIP = NO;
				DEBUG_INFORMATION_FORMAT = dwarf;
				ENABLE_STRICT_OBJC_MSGSEND = YES;
				ENABLE_TESTABILITY = YES;
				GCC_C_LANGUAGE_STANDARD = gnu11;
				GCC_DYNAMIC_NO_PIC = NO;
				GCC_NO_COMMON_BLOCKS = YES;
				GCC_OPTIMIZATION_LEVEL = 0;
				GCC_PREPROCESSOR_DEFINITIONS = (
					"DEBUG=1",
					"$(inherited)",
				);
				GCC_WARN_64_TO_32_BIT_CONVERSION = YES;
				GCC_WARN_ABOUT_RETURN_TYPE = YES_ERROR;
				GCC_WARN_UNDECLARED_SELECTOR = YES;
				GCC_WARN_UNINITIALIZED_AUTOS = YES_AGGRESSIVE;
				GCC_WARN_UNUSED_FUNCTION = YES;
				GCC_WARN_UNUSED_VARIABLE = YES;
				IPHONEOS_DEPLOYMENT_TARGET = 16.4;
				MTL_ENABLE_DEBUG_INFO = INCLUDE_SOURCE;
				MTL_FAST_MATH = YES;
				ONLY_ACTIVE_ARCH = YES;
				SDKROOT = iphoneos;
				SWIFT_ACTIVE_COMPILATION_CONDITIONS = DEBUG;
				SWIFT_OPTIMIZATION_LEVEL = "-Onone";
			};
			name = Debug;
		};
		CC6B14632A8E756100FCDFC1 /* Release */ = {
			isa = XCBuildConfiguration;
			buildSettings = {
				ALWAYS_SEARCH_USER_PATHS = NO;
				CLANG_ANALYZER_NONNULL = YES;
				CLANG_ANALYZER_NUMBER_OBJECT_CONVERSION = YES_AGGRESSIVE;
				CLANG_CXX_LANGUAGE_STANDARD = "gnu++20";
				CLANG_ENABLE_MODULES = YES;
				CLANG_ENABLE_OBJC_ARC = YES;
				CLANG_ENABLE_OBJC_WEAK = YES;
				CLANG_WARN_BLOCK_CAPTURE_AUTORELEASING = YES;
				CLANG_WARN_BOOL_CONVERSION = YES;
				CLANG_WARN_COMMA = YES;
				CLANG_WARN_CONSTANT_CONVERSION = YES;
				CLANG_WARN_DEPRECATED_OBJC_IMPLEMENTATIONS = YES;
				CLANG_WARN_DIRECT_OBJC_ISA_USAGE = YES_ERROR;
				CLANG_WARN_DOCUMENTATION_COMMENTS = YES;
				CLANG_WARN_EMPTY_BODY = YES;
				CLANG_WARN_ENUM_CONVERSION = YES;
				CLANG_WARN_INFINITE_RECURSION = YES;
				CLANG_WARN_INT_CONVERSION = YES;
				CLANG_WARN_NON_LITERAL_NULL_CONVERSION = YES;
				CLANG_WARN_OBJC_IMPLICIT_RETAIN_SELF = YES;
				CLANG_WARN_OBJC_LITERAL_CONVERSION = YES;
				CLANG_WARN_OBJC_ROOT_CLASS = YES_ERROR;
				CLANG_WARN_QUOTED_INCLUDE_IN_FRAMEWORK_HEADER = YES;
				CLANG_WARN_RANGE_LOOP_ANALYSIS = YES;
				CLANG_WARN_STRICT_PROTOTYPES = YES;
				CLANG_WARN_SUSPICIOUS_MOVE = YES;
				CLANG_WARN_UNGUARDED_AVAILABILITY = YES_AGGRESSIVE;
				CLANG_WARN_UNREACHABLE_CODE = YES;
				CLANG_WARN__DUPLICATE_METHOD_MATCH = YES;
				COPY_PHASE_STRIP = NO;
				DEBUG_INFORMATION_FORMAT = "dwarf-with-dsym";
				ENABLE_NS_ASSERTIONS = NO;
				ENABLE_STRICT_OBJC_MSGSEND = YES;
				GCC_C_LANGUAGE_STANDARD = gnu11;
				GCC_NO_COMMON_BLOCKS = YES;
				GCC_WARN_64_TO_32_BIT_CONVERSION = YES;
				GCC_WARN_ABOUT_RETURN_TYPE = YES_ERROR;
				GCC_WARN_UNDECLARED_SELECTOR = YES;
				GCC_WARN_UNINITIALIZED_AUTOS = YES_AGGRESSIVE;
				GCC_WARN_UNUSED_FUNCTION = YES;
				GCC_WARN_UNUSED_VARIABLE = YES;
				IPHONEOS_DEPLOYMENT_TARGET = 16.4;
				MTL_ENABLE_DEBUG_INFO = NO;
				MTL_FAST_MATH = YES;
				SDKROOT = iphoneos;
				SWIFT_COMPILATION_MODE = wholemodule;
				SWIFT_OPTIMIZATION_LEVEL = "-O";
				VALIDATE_PRODUCT = YES;
			};
			name = Release;
		};
		CC6B14652A8E756100FCDFC1 /* Debug */ = {
			isa = XCBuildConfiguration;
			buildSettings = {
				ASSETCATALOG_COMPILER_APPICON_NAME = AppIcon;
				ASSETCATALOG_COMPILER_GLOBAL_ACCENT_COLOR_NAME = AccentColor;
				CODE_SIGN_STYLE = Automatic;
				CURRENT_PROJECT_VERSION = 1;
				DEVELOPMENT_ASSET_PATHS = "\"Species/Preview Content\"";
				DEVELOPMENT_TEAM = 664FMHC4VF;
				ENABLE_PREVIEWS = YES;
				GENERATE_INFOPLIST_FILE = YES;
				INFOPLIST_FILE = Species/Info.plist;
				INFOPLIST_KEY_CFBundleDisplayName = "Star Wars Species";
				INFOPLIST_KEY_UIApplicationSceneManifest_Generation = YES;
				INFOPLIST_KEY_UIApplicationSupportsIndirectInputEvents = YES;
				INFOPLIST_KEY_UISupportedInterfaceOrientations_iPad = "UIInterfaceOrientationPortrait UIInterfaceOrientationPortraitUpsideDown UIInterfaceOrientationLandscapeLeft UIInterfaceOrientationLandscapeRight";
				INFOPLIST_KEY_UISupportedInterfaceOrientations_iPhone = "UIInterfaceOrientationPortrait UIInterfaceOrientationLandscapeLeft UIInterfaceOrientationLandscapeRight";
				LD_RUNPATH_SEARCH_PATHS = (
					"$(inherited)",
					"@executable_path/Frameworks",
				);
				MARKETING_VERSION = 1.0;
				PRODUCT_BUNDLE_IDENTIFIER = None.Species;
				PRODUCT_NAME = "$(TARGET_NAME)";
				SWIFT_EMIT_LOC_STRINGS = YES;
				SWIFT_VERSION = 5.0;
				TARGETED_DEVICE_FAMILY = "1,2";
			};
			name = Debug;
		};
		CC6B14662A8E756100FCDFC1 /* Release */ = {
			isa = XCBuildConfiguration;
			buildSettings = {
				ASSETCATALOG_COMPILER_APPICON_NAME = AppIcon;
				ASSETCATALOG_COMPILER_GLOBAL_ACCENT_COLOR_NAME = AccentColor;
				CODE_SIGN_STYLE = Automatic;
				CURRENT_PROJECT_VERSION = 1;
				DEVELOPMENT_ASSET_PATHS = "\"Species/Preview Content\"";
				DEVELOPMENT_TEAM = 664FMHC4VF;
				ENABLE_PREVIEWS = YES;
				GENERATE_INFOPLIST_FILE = YES;
				INFOPLIST_FILE = Species/Info.plist;
				INFOPLIST_KEY_CFBundleDisplayName = "Star Wars Species";
				INFOPLIST_KEY_UIApplicationSceneManifest_Generation = YES;
				INFOPLIST_KEY_UIApplicationSupportsIndirectInputEvents = YES;
				INFOPLIST_KEY_UISupportedInterfaceOrientations_iPad = "UIInterfaceOrientationPortrait UIInterfaceOrientationPortraitUpsideDown UIInterfaceOrientationLandscapeLeft UIInterfaceOrientationLandscapeRight";
				INFOPLIST_KEY_UISupportedInterfaceOrientations_iPhone = "UIInterfaceOrientationPortrait UIInterfaceOrientationLandscapeLeft UIInterfaceOrientationLandscapeRight";
				LD_RUNPATH_SEARCH_PATHS = (
					"$(inherited)",
					"@executable_path/Frameworks",
				);
				MARKETING_VERSION = 1.0;
				PRODUCT_BUNDLE_IDENTIFIER = None.Species;
				PRODUCT_NAME = "$(TARGET_NAME)";
				SWIFT_EMIT_LOC_STRINGS = YES;
				SWIFT_VERSION = 5.0;
				TARGETED_DEVICE_FAMILY = "1,2";
			};
			name = Release;
		};
/* End XCBuildConfiguration section */

/* Begin XCConfigurationList section */
		CC6B14512A8E755F00FCDFC1 /* Build configuration list for PBXProject "Species" */ = {
			isa = XCConfigurationList;
			buildConfigurations = (
				CC6B14622A8E756100FCDFC1 /* Debug */,
				CC6B14632A8E756100FCDFC1 /* Release */,
			);
			defaultConfigurationIsVisible = 0;
			defaultConfigurationName = Release;
		};
		CC6B14642A8E756100FCDFC1 /* Build configuration list for PBXNativeTarget "Species" */ = {
			isa = XCConfigurationList;
			buildConfigurations = (
				CC6B14652A8E756100FCDFC1 /* Debug */,
				CC6B14662A8E756100FCDFC1 /* Release */,
			);
			defaultConfigurationIsVisible = 0;
			defaultConfigurationName = Release;
		};
/* End XCConfigurationList section */
	};
	rootObject = CC6B144E2A8E755F00FCDFC1 /* Project object */;
}
